// !$*UTF8*$!
{
	archiveVersion = 1;
	classes = {
	};
	objectVersion = 46;
	objects = {

/* Begin PBXBuildFile section */
		CA19EC441BD4F05E00A57472 /* sansation.ttf in Resources */ = {isa = PBXBuildFile; fileRef = CA19EC431BD4F05E00A57472 /* sansation.ttf */; };
		CA19EC581BD4F09F00A57472 /* Bubble.cpp in Sources */ = {isa = PBXBuildFile; fileRef = CA19EC4D1BD4F09F00A57472 /* Bubble.cpp */; settings = {ASSET_TAGS = (); }; };
		CA19EC591BD4F09F00A57472 /* Carre.cpp in Sources */ = {isa = PBXBuildFile; fileRef = CA19EC4F1BD4F09F00A57472 /* Carre.cpp */; settings = {ASSET_TAGS = (); }; };
		CA19EC5A1BD4F09F00A57472 /* Carre.sln in Resources */ = {isa = PBXBuildFile; fileRef = CA19EC501BD4F09F00A57472 /* Carre.sln */; settings = {ASSET_TAGS = (); }; };
		CA19EC5B1BD4F09F00A57472 /* Carre.vcxproj in Resources */ = {isa = PBXBuildFile; fileRef = CA19EC511BD4F09F00A57472 /* Carre.vcxproj */; settings = {ASSET_TAGS = (); }; };
		CA19EC5C1BD4F09F00A57472 /* Carre.vcxproj.filters in Resources */ = {isa = PBXBuildFile; fileRef = CA19EC521BD4F09F00A57472 /* Carre.vcxproj.filters */; settings = {ASSET_TAGS = (); }; };
		CA19EC5D1BD4F09F00A57472 /* Entity.cpp in Sources */ = {isa = PBXBuildFile; fileRef = CA19EC531BD4F09F00A57472 /* Entity.cpp */; settings = {ASSET_TAGS = (); }; };
		CA19EC5E1BD4F09F00A57472 /* image.jpg in Resources */ = {isa = PBXBuildFile; fileRef = CA19EC561BD4F09F00A57472 /* image.jpg */; settings = {ASSET_TAGS = (); }; };
		CA19EC5F1BD4F09F00A57472 /* image.png in Resources */ = {isa = PBXBuildFile; fileRef = CA19EC571BD4F09F00A57472 /* image.png */; settings = {ASSET_TAGS = (); }; };
/* End PBXBuildFile section */

/* Begin PBXFileReference section */
		CA19EC341BD4F05E00A57472 /* Agario.app */ = {isa = PBXFileReference; explicitFileType = wrapper.application; includeInIndex = 0; path = Agario.app; sourceTree = BUILT_PRODUCTS_DIR; };
		CA19EC381BD4F05E00A57472 /* Agario-Info.plist */ = {isa = PBXFileReference; lastKnownFileType = text.plist.xml; path = "Agario-Info.plist"; sourceTree = "<group>"; };
		CA19EC431BD4F05E00A57472 /* sansation.ttf */ = {isa = PBXFileReference; lastKnownFileType = file; path = sansation.ttf; sourceTree = "<group>"; };
		CA19EC4D1BD4F09F00A57472 /* Bubble.cpp */ = {isa = PBXFileReference; fileEncoding = 4; lastKnownFileType = sourcecode.cpp.cpp; path = Bubble.cpp; sourceTree = "<group>"; };
		CA19EC4E1BD4F09F00A57472 /* Bubble.h */ = {isa = PBXFileReference; fileEncoding = 4; lastKnownFileType = sourcecode.c.h; path = Bubble.h; sourceTree = "<group>"; };
		CA19EC4F1BD4F09F00A57472 /* Carre.cpp */ = {isa = PBXFileReference; fileEncoding = 4; lastKnownFileType = sourcecode.cpp.cpp; path = Carre.cpp; sourceTree = "<group>"; };
		CA19EC501BD4F09F00A57472 /* Carre.sln */ = {isa = PBXFileReference; fileEncoding = 4; lastKnownFileType = text; path = Carre.sln; sourceTree = "<group>"; };
		CA19EC511BD4F09F00A57472 /* Carre.vcxproj */ = {isa = PBXFileReference; fileEncoding = 4; lastKnownFileType = text.xml; path = Carre.vcxproj; sourceTree = "<group>"; };
		CA19EC521BD4F09F00A57472 /* Carre.vcxproj.filters */ = {isa = PBXFileReference; fileEncoding = 4; lastKnownFileType = text.xml; path = Carre.vcxproj.filters; sourceTree = "<group>"; };
		CA19EC531BD4F09F00A57472 /* Entity.cpp */ = {isa = PBXFileReference; fileEncoding = 4; lastKnownFileType = sourcecode.cpp.cpp; path = Entity.cpp; sourceTree = "<group>"; };
		CA19EC541BD4F09F00A57472 /* Entity.h */ = {isa = PBXFileReference; fileEncoding = 4; lastKnownFileType = sourcecode.c.h; path = Entity.h; sourceTree = "<group>"; };
		CA19EC551BD4F09F00A57472 /* Global.h */ = {isa = PBXFileReference; fileEncoding = 4; lastKnownFileType = sourcecode.c.h; path = Global.h; sourceTree = "<group>"; };
		CA19EC561BD4F09F00A57472 /* image.jpg */ = {isa = PBXFileReference; lastKnownFileType = image.jpeg; path = image.jpg; sourceTree = "<group>"; };
		CA19EC571BD4F09F00A57472 /* image.png */ = {isa = PBXFileReference; lastKnownFileType = image.png; path = image.png; sourceTree = "<group>"; };
/* End PBXFileReference section */

/* Begin PBXFrameworksBuildPhase section */
		CA19EC301BD4F05E00A57472 /* Frameworks */ = {
			isa = PBXFrameworksBuildPhase;
			buildActionMask = 2147483647;
			files = (
			);
			runOnlyForDeploymentPostprocessing = 0;
		};
/* End PBXFrameworksBuildPhase section */

/* Begin PBXGroup section */
		CA19EC2A1BD4F05E00A57472 = {
			isa = PBXGroup;
			children = (
				CA19EC361BD4F05E00A57472 /* Agario */,
				CA19EC351BD4F05E00A57472 /* Products */,
			);
			sourceTree = "<group>";
		};
		CA19EC351BD4F05E00A57472 /* Products */ = {
			isa = PBXGroup;
			children = (
				CA19EC341BD4F05E00A57472 /* Agario.app */,
			);
			name = Products;
			sourceTree = "<group>";
		};
		CA19EC361BD4F05E00A57472 /* Agario */ = {
			isa = PBXGroup;
			children = (
				CA19EC4C1BD4F09F00A57472 /* Agar */,
				CA19EC3E1BD4F05E00A57472 /* Resources */,
				CA19EC371BD4F05E00A57472 /* Supporting Files */,
			);
			path = Agario;
			sourceTree = "<group>";
		};
		CA19EC371BD4F05E00A57472 /* Supporting Files */ = {
			isa = PBXGroup;
			children = (
				CA19EC381BD4F05E00A57472 /* Agario-Info.plist */,
			);
			name = "Supporting Files";
			sourceTree = "<group>";
		};
		CA19EC3E1BD4F05E00A57472 /* Resources */ = {
			isa = PBXGroup;
			children = (
				CA19EC431BD4F05E00A57472 /* sansation.ttf */,
			);
			name = Resources;
			sourceTree = "<group>";
		};
		CA19EC4C1BD4F09F00A57472 /* Agar */ = {
			isa = PBXGroup;
			children = (
				CA19EC4D1BD4F09F00A57472 /* Bubble.cpp */,
				CA19EC4E1BD4F09F00A57472 /* Bubble.h */,
				CA19EC4F1BD4F09F00A57472 /* Carre.cpp */,
				CA19EC501BD4F09F00A57472 /* Carre.sln */,
				CA19EC511BD4F09F00A57472 /* Carre.vcxproj */,
				CA19EC521BD4F09F00A57472 /* Carre.vcxproj.filters */,
				CA19EC531BD4F09F00A57472 /* Entity.cpp */,
				CA19EC541BD4F09F00A57472 /* Entity.h */,
				CA19EC551BD4F09F00A57472 /* Global.h */,
				CA19EC561BD4F09F00A57472 /* image.jpg */,
				CA19EC571BD4F09F00A57472 /* image.png */,
			);
			name = Agar;
			path = ../../Agar;
			sourceTree = "<group>";
		};
/* End PBXGroup section */

/* Begin PBXNativeTarget section */
		CA19EC331BD4F05E00A57472 /* Agario */ = {
			isa = PBXNativeTarget;
			buildConfigurationList = CA19EC491BD4F05E00A57472 /* Build configuration list for PBXNativeTarget "Agario" */;
			buildPhases = (
				CA19EC2F1BD4F05E00A57472 /* Sources */,
				CA19EC301BD4F05E00A57472 /* Frameworks */,
				CA19EC311BD4F05E00A57472 /* Resources */,
				CA19EC321BD4F05E00A57472 /* ShellScript */,
			);
			buildRules = (
			);
			dependencies = (
			);
			name = Agario;
			productName = Agario;
			productReference = CA19EC341BD4F05E00A57472 /* Agario.app */;
			productType = "com.apple.product-type.application";
		};
/* End PBXNativeTarget section */

/* Begin PBXProject section */
		CA19EC2B1BD4F05E00A57472 /* Project object */ = {
			isa = PBXProject;
			attributes = {
				LastUpgradeCheck = 0700;
				ORGANIZATIONNAME = "Melchior Merlin";
				TargetAttributes = {
					CA19EC331BD4F05E00A57472 = {
						CreatedOnToolsVersion = 7.0.1;
					};
				};
			};
			buildConfigurationList = CA19EC2E1BD4F05E00A57472 /* Build configuration list for PBXProject "Agario" */;
			compatibilityVersion = "Xcode 3.2";
			developmentRegion = English;
			hasScannedForEncodings = 0;
			knownRegions = (
				en,
			);
			mainGroup = CA19EC2A1BD4F05E00A57472;
			productRefGroup = CA19EC351BD4F05E00A57472 /* Products */;
			projectDirPath = "";
			projectRoot = "";
			targets = (
				CA19EC331BD4F05E00A57472 /* Agario */,
			);
		};
/* End PBXProject section */

/* Begin PBXResourcesBuildPhase section */
		CA19EC311BD4F05E00A57472 /* Resources */ = {
			isa = PBXResourcesBuildPhase;
			buildActionMask = 2147483647;
			files = (
				CA19EC5C1BD4F09F00A57472 /* Carre.vcxproj.filters in Resources */,
				CA19EC5A1BD4F09F00A57472 /* Carre.sln in Resources */,
				CA19EC5E1BD4F09F00A57472 /* image.jpg in Resources */,
				CA19EC5B1BD4F09F00A57472 /* Carre.vcxproj in Resources */,
				CA19EC441BD4F05E00A57472 /* sansation.ttf in Resources */,
				CA19EC5F1BD4F09F00A57472 /* image.png in Resources */,
			);
			runOnlyForDeploymentPostprocessing = 0;
		};
/* End PBXResourcesBuildPhase section */

/* Begin PBXShellScriptBuildPhase section */
		CA19EC321BD4F05E00A57472 /* ShellScript */ = {
			isa = PBXShellScriptBuildPhase;
			buildActionMask = 2147483647;
			files = (
			);
			inputPaths = (
			);
			outputPaths = (
			);
			runOnlyForDeploymentPostprocessing = 0;
			shellPath = /bin/sh;
			shellScript = "# This shell script simply copies required SFML dylibs/frameworks into the application bundle frameworks folder.\n# If you're using static libraries (which is not recommended) you should remove this script from your project.\n\n# SETTINGS\nCMAKE_INSTALL_FRAMEWORK_PREFIX=\"/Library/Frameworks\"\nCMAKE_INSTALL_LIB_PREFIX=\"/usr/local/lib\"\nFRAMEWORKS_FULL_PATH=\"$BUILT_PRODUCTS_DIR/$FRAMEWORKS_FOLDER_PATH/\"\n\n# Are we building a project that uses frameworks or dylibs?\ncase \"$SFML_BINARY_TYPE\" in\n    DYLIBS)\n        frameworks=\"false\"\n        ;;\n    *)\n        frameworks=\"true\"\n        ;;\nesac\n\n# Echoes to stderr\nerror () # $* message to display\n{\n    echo $* 1>&2\n    exit 2\n}\n\nassert () # $1 is a boolean, $2...N is an error message\n{\n    if [ $# -lt 2 ]\n    then\n        error \"Internal error in assert: not enough args\"\n    fi\n\n    if [ $1 -ne 0 ]\n    then\n        shift\n        error \"$*\"\n    fi\n}\n\nforce_remove () # $@ is some paths\n{\n    test $# -ge 1\n    assert $? \"force_remove() requires at least one parameter\"\n    rm -fr $@\n    assert $? \"couldn't remove $@\"\n}\n\ncopy () # $1 is a source, $2 is a destination\n{\n    test $# -eq 2\n    assert $? \"copy() requires two parameters\"\n    ditto \"$1\" \"$2\"\n    assert $? \"couldn't copy $1 to $2\"\n}\n\nrequire () # $1 is a SFML module like 'system' or 'audio'\n{\n    dest=\"$BUILT_PRODUCTS_DIR/$FRAMEWORKS_FOLDER_PATH/\"\n\n    if [ -z \"$1\" ]\n    then\n        error \"require() requires one parameter!\"\n    else\n        # clean potentially old stuff\n        force_remove \"$dest/libsfml-$1\"*\n        force_remove \"$dest/sfml-$1.framework\"\n\n        # copy SFML libraries\n        if [ \"$frameworks\" = \"true\" ]\n        then\n            source=\"$CMAKE_INSTALL_FRAMEWORK_PREFIX/sfml-$1.framework\"\n            target=\"sfml-$1.framework\"\n        elif [ \"$SFML_LINK_DYLIBS_SUFFIX\" = \"-d\" ]\n        then\n            source=\"$CMAKE_INSTALL_LIB_PREFIX/libsfml-$1-d.dylib\"\n            target=\"`readlink $source`\"\n        else\n            source=\"$CMAKE_INSTALL_LIB_PREFIX/libsfml-$1.dylib\"\n            target=\"`readlink $source`\"\n        fi\n\n        copy \"$source\" \"$dest/$target\"\n\n        # copy extra dependencies\n        if [ \"$1\" = \"audio\" ]\n        then\n            # copy \"FLAC\" \"ogg\" \"vorbis\" \"vorbisenc\" \"vorbisfile\" \"OpenAL\" frameworks too\n            for f in \"FLAC\" \"ogg\" \"vorbis\" \"vorbisenc\" \"vorbisfile\" \"OpenAL\"\n            do\n                copy \"$CMAKE_INSTALL_FRAMEWORK_PREFIX/$f.framework\" \"$dest/$f.framework\"\n            done\n        elif [ \"$1\" = \"graphics\" ]\n        then\n            copy \"$CMAKE_INSTALL_FRAMEWORK_PREFIX/freetype.framework\" \"$dest/freetype.framework\"\n        fi\n    fi\n}\n\nif [ -n \"$SFML_SYSTEM\" ]\nthen\n    require \"system\"\nfi\n\nif [ -n \"$SFML_AUDIO\" ]\nthen\n    require \"audio\"\nfi\n\nif [ -n \"$SFML_NETWORK\" ]\nthen\n    require \"network\"\nfi\n\nif [ -n \"$SFML_WINDOW\" ]\nthen\n    require \"window\"\nfi\n\nif [ -n \"$SFML_GRAPHICS\" ]\nthen\n    require \"graphics\"\nfi\n\n                ";
		};
/* End PBXShellScriptBuildPhase section */

/* Begin PBXSourcesBuildPhase section */
		CA19EC2F1BD4F05E00A57472 /* Sources */ = {
			isa = PBXSourcesBuildPhase;
			buildActionMask = 2147483647;
			files = (
				CA19EC581BD4F09F00A57472 /* Bubble.cpp in Sources */,
				CA19EC5D1BD4F09F00A57472 /* Entity.cpp in Sources */,
				CA19EC591BD4F09F00A57472 /* Carre.cpp in Sources */,
			);
			runOnlyForDeploymentPostprocessing = 0;
		};
/* End PBXSourcesBuildPhase section */

/* Begin XCBuildConfiguration section */
		CA19EC471BD4F05E00A57472 /* Debug */ = {
			isa = XCBuildConfiguration;
			buildSettings = {
				ARCHS = (
					i386,
					x86_64,
				);
				CLANG_CXX_LANGUAGE_STANDARD = "c++0x";
				CLANG_CXX_LIBRARY = "libc++";
				FRAMEWORK_SEARCH_PATHS = (
					/Library/Frameworks/,
					"$(inherited)",
				);
				GCC_VERSION = com.apple.compilers.llvm.clang.1_0;
				HEADER_SEARCH_PATHS = (
					/usr/local/include/,
					"$(inherited)",
				);
				LIBRARY_SEARCH_PATHS = (
					/usr/local/lib/,
					"$(inherited)",
				);
				MACOSX_DEPLOYMENT_TARGET = 10.7;
				OTHER_LDFLAGS = (
					"$(inherited)",
					"$(SFML_SYSTEM)",
					"$(SFML_WINDOW)",
					"$(SFML_GRAPHICS)",
					"$(SFML_AUDIO)",
					"$(SFML_NETWORK)",
				);
				SFML_AUDIO = "$(SFML_LINK_PREFIX) sfml-audio$(SFML_LINK_SUFFIX)";
				SFML_BINARY_TYPE = FRAMEWORKS;
				SFML_GRAPHICS = "$(SFML_LINK_PREFIX) sfml-graphics$(SFML_LINK_SUFFIX)";
				SFML_LINK_DYLIBS_PREFIX = "-l";
				SFML_LINK_DYLIBS_SUFFIX = "";
				SFML_LINK_FRAMEWORKS_PREFIX = "-framework";
				SFML_LINK_FRAMEWORKS_SUFFIX = "";
				SFML_LINK_PREFIX = "$(SFML_LINK_$(SFML_BINARY_TYPE)_PREFIX)";
				SFML_LINK_SUFFIX = "$(SFML_LINK_$(SFML_BINARY_TYPE)_SUFFIX)";
				SFML_NETWORK = "$(SFML_LINK_PREFIX) sfml-network$(SFML_LINK_SUFFIX)";
				SFML_SYSTEM = "$(SFML_LINK_PREFIX) sfml-system$(SFML_LINK_SUFFIX)";
				SFML_WINDOW = "$(SFML_LINK_PREFIX) sfml-window$(SFML_LINK_SUFFIX)";
				SUPPORTED_PLATFORMS = macosx;
			};
			name = Debug;
		};
		CA19EC481BD4F05E00A57472 /* Release */ = {
			isa = XCBuildConfiguration;
			buildSettings = {
				ARCHS = (
					i386,
					x86_64,
				);
				CLANG_CXX_LANGUAGE_STANDARD = "c++0x";
				CLANG_CXX_LIBRARY = "libc++";
				FRAMEWORK_SEARCH_PATHS = (
					/Library/Frameworks/,
					"$(inherited)",
				);
				GCC_VERSION = com.apple.compilers.llvm.clang.1_0;
				HEADER_SEARCH_PATHS = (
					/usr/local/include/,
					"$(inherited)",
				);
				LIBRARY_SEARCH_PATHS = (
					/usr/local/lib/,
					"$(inherited)",
				);
				MACOSX_DEPLOYMENT_TARGET = 10.7;
				OTHER_LDFLAGS = (
					"$(inherited)",
					"$(SFML_SYSTEM)",
					"$(SFML_WINDOW)",
					"$(SFML_GRAPHICS)",
					"$(SFML_AUDIO)",
					"$(SFML_NETWORK)",
				);
				SFML_AUDIO = "$(SFML_LINK_PREFIX) sfml-audio$(SFML_LINK_SUFFIX)";
				SFML_BINARY_TYPE = FRAMEWORKS;
				SFML_GRAPHICS = "$(SFML_LINK_PREFIX) sfml-graphics$(SFML_LINK_SUFFIX)";
				SFML_LINK_DYLIBS_PREFIX = "-l";
				SFML_LINK_DYLIBS_SUFFIX = "";
				SFML_LINK_FRAMEWORKS_PREFIX = "-framework";
				SFML_LINK_FRAMEWORKS_SUFFIX = "";
				SFML_LINK_PREFIX = "$(SFML_LINK_$(SFML_BINARY_TYPE)_PREFIX)";
				SFML_LINK_SUFFIX = "$(SFML_LINK_$(SFML_BINARY_TYPE)_SUFFIX)";
				SFML_NETWORK = "$(SFML_LINK_PREFIX) sfml-network$(SFML_LINK_SUFFIX)";
				SFML_SYSTEM = "$(SFML_LINK_PREFIX) sfml-system$(SFML_LINK_SUFFIX)";
				SFML_WINDOW = "$(SFML_LINK_PREFIX) sfml-window$(SFML_LINK_SUFFIX)";
				SUPPORTED_PLATFORMS = macosx;
			};
			name = Release;
		};
		CA19EC4A1BD4F05E00A57472 /* Debug */ = {
			isa = XCBuildConfiguration;
			buildSettings = {
				INFOPLIST_FILE = "Agario/Agario-Info.plist";
				LD_RUNPATH_SEARCH_PATHS = "@loader_path/../Frameworks";
				PRODUCT_NAME = "$(TARGET_NAME)";
			};
			name = Debug;
		};
		CA19EC4B1BD4F05E00A57472 /* Release */ = {
			isa = XCBuildConfiguration;
			buildSettings = {
				INFOPLIST_FILE = "Agario/Agario-Info.plist";
				LD_RUNPATH_SEARCH_PATHS = "@loader_path/../Frameworks";
				PRODUCT_NAME = "$(TARGET_NAME)";
			};
			name = Release;
		};
/* End XCBuildConfiguration section */

/* Begin XCConfigurationList section */
		CA19EC2E1BD4F05E00A57472 /* Build configuration list for PBXProject "Agario" */ = {
			isa = XCConfigurationList;
			buildConfigurations = (
				CA19EC471BD4F05E00A57472 /* Debug */,
				CA19EC481BD4F05E00A57472 /* Release */,
			);
			defaultConfigurationIsVisible = 0;
			defaultConfigurationName = Release;
		};
		CA19EC491BD4F05E00A57472 /* Build configuration list for PBXNativeTarget "Agario" */ = {
			isa = XCConfigurationList;
			buildConfigurations = (
				CA19EC4A1BD4F05E00A57472 /* Debug */,
				CA19EC4B1BD4F05E00A57472 /* Release */,
			);
			defaultConfigurationIsVisible = 0;
		};
/* End XCConfigurationList section */
	};
	rootObject = CA19EC2B1BD4F05E00A57472 /* Project object */;
}
